
Microsoft Visual Studio Solution File, Format Version 12.00
# Visual Studio Version 17
VisualStudioVersion = 17.14.36511.14 d17.14
MinimumVisualStudioVersion = 10.0.40219.1
Project("{FAE04EC0-301F-11D3-BF4B-00C04F79EFBC}") = "Week 8 - Inheritance and Abstraction", "Week 8 - Inheritance and Abstraction\Week 8 - Inheritance and Abstraction.csproj", "{E8400FD6-AAE0-46D9-835A-681A75531B21}"
EndProject
Global
	GlobalSection(SolutionConfigurationPlatforms) = preSolution
		Debug|Any CPU = Debug|Any CPU
		Release|Any CPU = Release|Any CPU
	EndGlobalSection
	GlobalSection(ProjectConfigurationPlatforms) = postSolution
		{E8400FD6-AAE0-46D9-835A-681A75531B21}.Debug|Any CPU.ActiveCfg = Debug|Any CPU
		{E8400FD6-AAE0-46D9-835A-681A75531B21}.Debug|Any CPU.Build.0 = Debug|Any CPU
		{E8400FD6-AAE0-46D9-835A-681A75531B21}.Release|Any CPU.ActiveCfg = Release|Any CPU
		{E8400FD6-AAE0-46D9-835A-681A75531B21}.Release|Any CPU.Build.0 = Release|Any CPU
	EndGlobalSection
	GlobalSection(SolutionProperties) = preSolution
		HideSolutionNode = FALSE
	EndGlobalSection
	GlobalSection(ExtensibilityGlobals) = postSolution
		SolutionGuid = {C90A9998-764A-447C-88FA-6419A2F62452}
	EndGlobalSection
EndGlobal
